
Microsoft Visual Studio Solution File, Format Version 12.00
# Visual Studio 14
VisualStudioVersion = 14.0.23107.0
MinimumVisualStudioVersion = 10.0.40219.1
Project("{FAE04EC0-301F-11D3-BF4B-00C04F79EFBC}") = "IMService", "IMService\IMService.csproj", "{803E84F4-E385-4681-B68A-386E553F9898}"
EndProject
Project("{FAE04EC0-301F-11D3-BF4B-00C04F79EFBC}") = "Td.Kylin.IM.Data", "Td.Kylin.IM.Data\Td.Kylin.IM.Data.csproj", "{9CB1336F-80D6-4CA0-BC21-805667A7750C}"
EndProject
Project("{8BB2217D-0F2D-49D1-97BC-3654ED321F3B}") = "CodeFirst", "CodeFirst\CodeFirst.xproj", "{FA73B860-1825-44E2-AD20-E9D454F5FFD7}"
EndProject
Global
	GlobalSection(SolutionConfigurationPlatforms) = preSolution
		CD_ROM|Any CPU = CD_ROM|Any CPU
		Debug|Any CPU = Debug|Any CPU
		DVD-5|Any CPU = DVD-5|Any CPU
		Release|Any CPU = Release|Any CPU
		SingleImage|Any CPU = SingleImage|Any CPU
	EndGlobalSection
	GlobalSection(ProjectConfigurationPlatforms) = postSolution
		{803E84F4-E385-4681-B68A-386E553F9898}.CD_ROM|Any CPU.ActiveCfg = Release|Any CPU
		{803E84F4-E385-4681-B68A-386E553F9898}.CD_ROM|Any CPU.Build.0 = Release|Any CPU
		{803E84F4-E385-4681-B68A-386E553F9898}.Debug|Any CPU.ActiveCfg = Debug|Any CPU
		{803E84F4-E385-4681-B68A-386E553F9898}.Debug|Any CPU.Build.0 = Debug|Any CPU
		{803E84F4-E385-4681-B68A-386E553F9898}.DVD-5|Any CPU.ActiveCfg = Debug|Any CPU
		{803E84F4-E385-4681-B68A-386E553F9898}.DVD-5|Any CPU.Build.0 = Debug|Any CPU
		{803E84F4-E385-4681-B68A-386E553F9898}.Release|Any CPU.ActiveCfg = Release|Any CPU
		{803E84F4-E385-4681-B68A-386E553F9898}.Release|Any CPU.Build.0 = Release|Any CPU
		{803E84F4-E385-4681-B68A-386E553F9898}.SingleImage|Any CPU.ActiveCfg = Release|Any CPU
		{803E84F4-E385-4681-B68A-386E553F9898}.SingleImage|Any CPU.Build.0 = Release|Any CPU
		{9CB1336F-80D6-4CA0-BC21-805667A7750C}.CD_ROM|Any CPU.ActiveCfg = Release|Any CPU
		{9CB1336F-80D6-4CA0-BC21-805667A7750C}.CD_ROM|Any CPU.Build.0 = Release|Any CPU
		{9CB1336F-80D6-4CA0-BC21-805667A7750C}.Debug|Any CPU.ActiveCfg = Debug|Any CPU
		{9CB1336F-80D6-4CA0-BC21-805667A7750C}.Debug|Any CPU.Build.0 = Debug|Any CPU
		{9CB1336F-80D6-4CA0-BC21-805667A7750C}.DVD-5|Any CPU.ActiveCfg = Debug|Any CPU
		{9CB1336F-80D6-4CA0-BC21-805667A7750C}.DVD-5|Any CPU.Build.0 = Debug|Any CPU
		{9CB1336F-80D6-4CA0-BC21-805667A7750C}.Release|Any CPU.ActiveCfg = Release|Any CPU
		{9CB1336F-80D6-4CA0-BC21-805667A7750C}.Release|Any CPU.Build.0 = Release|Any CPU
		{9CB1336F-80D6-4CA0-BC21-805667A7750C}.SingleImage|Any CPU.ActiveCfg = Release|Any CPU
		{9CB1336F-80D6-4CA0-BC21-805667A7750C}.SingleImage|Any CPU.Build.0 = Release|Any CPU
		{FA73B860-1825-44E2-AD20-E9D454F5FFD7}.CD_ROM|Any CPU.ActiveCfg = Release|Any CPU
		{FA73B860-1825-44E2-AD20-E9D454F5FFD7}.CD_ROM|Any CPU.Build.0 = Release|Any CPU
		{FA73B860-1825-44E2-AD20-E9D454F5FFD7}.Debug|Any CPU.ActiveCfg = Debug|Any CPU
		{FA73B860-1825-44E2-AD20-E9D454F5FFD7}.Debug|Any CPU.Build.0 = Debug|Any CPU
		{FA73B860-1825-44E2-AD20-E9D454F5FFD7}.DVD-5|Any CPU.ActiveCfg = Debug|Any CPU
		{FA73B860-1825-44E2-AD20-E9D454F5FFD7}.DVD-5|Any CPU.Build.0 = Debug|Any CPU
		{FA73B860-1825-44E2-AD20-E9D454F5FFD7}.Release|Any CPU.ActiveCfg = Release|Any CPU
		{FA73B860-1825-44E2-AD20-E9D454F5FFD7}.Release|Any CPU.Build.0 = Release|Any CPU
		{FA73B860-1825-44E2-AD20-E9D454F5FFD7}.SingleImage|Any CPU.ActiveCfg = Release|Any CPU
		{FA73B860-1825-44E2-AD20-E9D454F5FFD7}.SingleImage|Any CPU.Build.0 = Release|Any CPU
	EndGlobalSection
	GlobalSection(SolutionProperties) = preSolution
		HideSolutionNode = FALSE
	EndGlobalSection
EndGlobal
